{
  "name": "configgen",
  "lockfileVersion": 2,
  "requires": true,
  "packages": {
    "": {
      "name": "configgen",
      "dependencies": {
        "fs-extra": "^10.0.0",
        "merge-objects": "^1.0.5"
      },
      "devDependencies": {
        "@types/fs-extra": "^9.0.13",
        "@types/merge-objects": "^1.0.0"
      }
    },
    "node_modules/@types/fs-extra": {
      "version": "9.0.13",
      "dev": true,
      "license": "MIT",
      "dependencies": {
        "@types/node": "*"
      }
    },
    "node_modules/@types/merge-objects": {
      "version": "1.0.0",
      "dev": true,
      "license": "MIT"
    },
    "node_modules/@types/node": {
      "version": "17.0.15",
      "dev": true,
      "license": "MIT"
    },
    "node_modules/fs-extra": {
      "version": "10.0.0",
      "license": "MIT",
      "dependencies": {
        "graceful-fs": "^4.2.0",
        "jsonfile": "^6.0.1",
        "universalify": "^2.0.0"
      },
      "engines": {
        "node": ">=12"
      }
    },
    "node_modules/graceful-fs": {
      "version": "4.2.9",
      "license": "ISC"
    },
    "node_modules/jsonfile": {
      "version": "6.1.0",
      "license": "MIT",
      "dependencies": {
        "universalify": "^2.0.0"
      },
      "optionalDependencies": {
        "graceful-fs": "^4.1.6"
      }
    },
    "node_modules/merge-objects": {
      "version": "1.0.5",
      "license": "MIT"
    },
    "node_modules/universalify": {
      "version": "2.0.0",
      "license": "MIT",
      "engines": {
        "node": ">= 10.0.0"
      }
    }
  },
  "dependencies": {
    "@types/fs-extra": {
      "version": "9.0.13",
      "dev": true,
      "requires": {
        "@types/node": "*"
      }
    },
    "@types/merge-objects": {
      "version": "1.0.0",
      "dev": true
    },
    "@types/node": {
      "version": "17.0.15",
      "dev": true
    },
    "fs-extra": {
      "version": "10.0.0",
      "requires": {
        "graceful-fs": "^4.2.0",
        "jsonfile": "^6.0.1",
        "universalify": "^2.0.0"
      }
    },
    "graceful-fs": {
      "version": "4.2.9"
    },
    "jsonfile": {
      "version": "6.1.0",
      "requires": {
        "graceful-fs": "^4.1.6",
        "universalify": "^2.0.0"
      }
    },
    "merge-objects": {
      "version": "1.0.5"
    },
    "universalify": {
      "version": "2.0.0"
    }
  }
}
